{
  "version": 1,
  "dependencies": {
    "net10.0": {
      "WeavePort.Hosting": {
        "type": "Direct",
        "requested": "[0.8.0, )",
        "resolved": "0.8.0",
        "contentHash": "RMxKjJKlJzPTAG9D4JGzC66wtrleLHwf40+R93cBgmfl3CoxaVIvAagTYX2yPeWN5MPzI8T3ctC7afLcB4RfIA==",
        "dependencies": {
          "Chasm.SemanticVersioning": "2.8.2",
          "Microsoft.Extensions.Logging.Abstractions": "10.0.12",
          "Tomlyn": "0.19.0",
          "WeavePort.Abstractions": "0.8.0",
          "WeavePort.Sdk.Client": "0.8.0"
        }
      },
      "Chasm.Formatting": {
        "type": "Transitive",
        "resolved": "2.4.0",
        "contentHash": "boc3JDTJ/bum/LWlnjNqHZpb4bQqQTH3p8500xL/3VPAmQMvjcONx1SaMkGDg5fuwdXbk9OtyM0zVKYGnULY7A=="
      },
      "Chasm.SemanticVersioning": {
        "type": "Transitive",
        "resolved": "2.8.2",
        "contentHash": "6GLb6fU3klW0j4p14mRwk+11cOGMs3Nq41qfpjXv6EpFpwc6/X2CY+/iDPuHPauxXAe+9V1/qC0XVZN0s7Gipw==",
        "dependencies": {
          "Chasm.Formatting": "2.4.0"
        }
      },
      "Microsoft.Extensions.DependencyInjection.Abstractions": {
        "type": "Transitive",
        "resolved": "10.0.12",
        "contentHash": "9/qymSh7hVDMGTGwrLz8MRp5zRyXy9adGDOs4HwRdnLil3oZGYuWeZjbmHgCQ9BL1qBroVfgUK3U/nb61617Cw=="
      },
      "Microsoft.Extensions.Logging.Abstractions": {
        "type": "Transitive",
        "resolved": "10.0.12",
        "contentHash": "+24lC4plfbEDNfLAdTV/SWKS7dW+16X4HdydO3R++134kSNTzcbYA4KpR1Hdh6uWisB8Za3AzwyOn+K+NxWIug==",
        "dependencies": {
          "Microsoft.Extensions.DependencyInjection.Abstractions": "10.0.12"
        }
      },
      "Tomlyn": {
        "type": "Transitive",
        "resolved": "0.19.0",
        "contentHash": "GlI2o8R8jbZIaE+YX6uA/VoAOH7zIxYeqxDm7jHW2hqUhuB+q19oKold35FkMuv8IZDoCqsTMolaBv2eBLBmrQ=="
      },
      "WeavePort.Abstractions": {
        "type": "Transitive",
        "resolved": "0.8.0",
        "contentHash": "wDSw9tu91T6BzWS9oCUI1TL4FyVrZPoWtvNQ95LfRt19wIsMMWdGmNu0u+lj5BcGQ/9YECPngoj/rR13XuKCsg=="
      },
      "WeavePort.Sdk.Client": {
        "type": "Transitive",
        "resolved": "0.8.0",
        "contentHash": "anJvPtlPlMrAHmXJHJXhqxBsFyISZ5pH9DdaHru5/6HQ9OjvFnY6WQ5XtPIfN5ko3HyyHmLZPh613hFMbYUtUg==",
        "dependencies": {
          "WeavePort.Abstractions": "0.8.0"
        }
      }
    }
  }
}