{
  "version": 1,
  "dependencies": {
    "net10.0": {
      "WeavePort.Hosting": {
        "type": "Direct",
        "requested": "[0.6.0, )",
        "resolved": "0.6.0",
        "contentHash": "VEiG+TtJR9OqNKiNY5qGwYhRAII4BGTK2x5dSQWnsIHFPocpBQlIJFXnpEett0bgNryB4cznZTJm/rrYLjjuWA==",
        "dependencies": {
          "Microsoft.Extensions.Logging.Abstractions": "10.0.12",
          "WeavePort.Abstractions": "0.6.0",
          "WeavePort.Sdk.Client": "0.6.0"
        }
      },
      "Microsoft.Extensions.DependencyInjection.Abstractions": {
        "type": "Transitive",
        "resolved": "10.0.12",
        "contentHash": "9/qymSh7hVDMGTGwrLz8MRp5zRyXy9adGDOs4HwRdnLil3oZGYuWeZjbmHgCQ9BL1qBroVfgUK3U/nb61617Cw=="
      },
      "Microsoft.Extensions.Logging.Abstractions": {
        "type": "Transitive",
        "resolved": "10.0.12",
        "contentHash": "+24lC4plfbEDNfLAdTV/SWKS7dW+16X4HdydO3R++134kSNTzcbYA4KpR1Hdh6uWisB8Za3AzwyOn+K+NxWIug==",
        "dependencies": {
          "Microsoft.Extensions.DependencyInjection.Abstractions": "10.0.12"
        }
      },
      "WeavePort.Abstractions": {
        "type": "Transitive",
        "resolved": "0.6.0",
        "contentHash": "sTdrV3kG8oZQ0yZpQEBxojIurH4Ii31cfMUOSxgua2nxKK1bzihhCFPPTLzG+h84FwkN73PXAtrq/OZp5f24Ng=="
      },
      "WeavePort.Sdk.Client": {
        "type": "Transitive",
        "resolved": "0.6.0",
        "contentHash": "Z8y4vOcZvmFwX2DkyXjD/dWu89wu8GP0YEw3Y3F+UHFqFB5amO2UwTBFhNzDTUD1Htc08zMjMYBhNOrNwksuLA==",
        "dependencies": {
          "WeavePort.Abstractions": "0.6.0"
        }
      }
    }
  }
}