{
  "version": 1,
  "dependencies": {
    "net10.0": {
      "Google.Protobuf": {
        "type": "Direct",
        "requested": "[3.36.1, )",
        "resolved": "3.36.1",
        "contentHash": "77AqPEoaY1ODE+syYBHti0jXiwQq0J/fUr/fRyYhNlc9oKtH5dZZEr/OLKtdKNVG83PRnCYB2r8B80ZrObzOGQ=="
      },
      "Grpc.AspNetCore.Server": {
        "type": "Direct",
        "requested": "[2.83.0, )",
        "resolved": "2.83.0",
        "contentHash": "rWeSaXaSPIIerc82lhHKqmzlp/sgLnG+Zw1c3YEEVp/un+hJKPxJOXWuGUOS2cs3EvcZBZ2tliXsnAg5Mdk2Ew==",
        "dependencies": {
          "Grpc.Net.Common": "2.83.0"
        }
      },
      "Grpc.Net.Client": {
        "type": "Direct",
        "requested": "[2.83.0, )",
        "resolved": "2.83.0",
        "contentHash": "dHYtx7hW4muttsCrWNG4/Ysb1iAIhNPEq28eo7vF166CdXn/RXOr3SGvSreIGIjvmdrADrBNJ2cUeJBto/T0XA==",
        "dependencies": {
          "Grpc.Net.Common": "2.83.0"
        }
      },
      "Grpc.Tools": {
        "type": "Direct",
        "requested": "[2.84.0, )",
        "resolved": "2.84.0",
        "contentHash": "SarjdfpQYU/mmdu/fWgSW8kEHQ54jiyG2+I4THu9eubtAud+QJf+1iJdGtoKTJ/ZRaI0qAG+7ttsK2WUTao2OQ=="
      },
      "Grpc.Core.Api": {
        "type": "Transitive",
        "resolved": "2.83.0",
        "contentHash": "xU8BT2bCw4Ct+/qIFJhhjkDEilKUbBOfp4US7l3Xa3hnlkN9l2LgISCbOw4PFYpW5jJFcK7FUAyWOFIQ94Hiqg=="
      },
      "Grpc.Net.Common": {
        "type": "Transitive",
        "resolved": "2.83.0",
        "contentHash": "9w52xxORdIGu4Mm8lff3psMIlarenu+7TC4uIfiiW9AyaHZ6iPE/18gIkG1DD9byGDuhjuhnN9hiviBUAmCuZw==",
        "dependencies": {
          "Grpc.Core.Api": "2.83.0"
        }
      },
      "weaveport.abstractions": {
        "type": "Project"
      },
      "weaveport.sdk.client": {
        "type": "Project",
        "dependencies": {
          "WeavePort.Abstractions": "[0.4.0, )"
        }
      }
    }
  }
}