{
  "version": 1,
  "dependencies": {
    "net10.0": {
      "WeavePort.Sdk": {
        "type": "Direct",
        "requested": "[0.4.0, )",
        "resolved": "0.4.0",
        "contentHash": "+yCDm0HFK517FJQpS4KmJMP9AMTQbLb+K36E78OnlytCVcMiEorGioPXUgxYbjVLZWJ2G955G57jq/qDYlVf8g=="
      }
    }
  }
}