{
  "version": 1,
  "dependencies": {
    "net10.0": {
      "WeavePort.Sdk": {
        "type": "Direct",
        "requested": "[0.3.1, )",
        "resolved": "0.3.1",
        "contentHash": "N3ja4/sA1qAoSQDwKxBq/8ccqUb9SA2yBP3EJuiPv7pRZLui+00z7DPZlt7NXG0KHbKhPSca+Yo85hnM7CFzzQ=="
      }
    }
  }
}