{
  "version": 2,
  "dependencies": {
    "net10.0": {
      "WeavePort.Sdk.Gateway": {
        "type": "Direct",
        "requested": "[0.7.0, )",
        "resolved": "0.7.0",
        "contentHash": "E+2Vn0zfH9pix+k7on59B8dUgeEihpy46JiHS6uUegpRfXM1lQlxmLwIk7WfsqwdRma1YMUQeTiTSHsW+9pH+Q==",
        "dependencies": {
          "Grpc.AspNetCore.Server": "2.83.0",
          "WeavePort.Sdk.Gateway.Client": "0.7.0"
        }
      },
      "Grpc.Core.Api": {
        "type": "Transitive",
        "resolved": "2.83.0",
        "contentHash": "xU8BT2bCw4Ct+/qIFJhhjkDEilKUbBOfp4US7l3Xa3hnlkN9l2LgISCbOw4PFYpW5jJFcK7FUAyWOFIQ94Hiqg=="
      },
      "Grpc.Net.Common": {
        "type": "Transitive",
        "resolved": "2.83.0",
        "contentHash": "9w52xxORdIGu4Mm8lff3psMIlarenu+7TC4uIfiiW9AyaHZ6iPE/18gIkG1DD9byGDuhjuhnN9hiviBUAmCuZw==",
        "dependencies": {
          "Grpc.Core.Api": "2.83.0"
        }
      },
      "WeavePort.Sdk.Gateway.Client": {
        "type": "Transitive",
        "resolved": "0.7.0",
        "contentHash": "REbzriuMgJdG3ghrk7UzpvyfW8ekJ3WvuOsm2+Vk+0hBYI/9oCIJP2RHOS0vJMoRtIK1mHrcsOJs/boYKfPLtQ==",
        "dependencies": {
          "Google.Protobuf": "3.36.1",
          "Grpc.Net.Client": "2.83.0",
          "WeavePort.Sdk.Client": "0.7.0"
        }
      },
      "Google.Protobuf": {
        "type": "CentralTransitive",
        "requested": "[3.36.1, )",
        "resolved": "3.36.1",
        "contentHash": "77AqPEoaY1ODE+syYBHti0jXiwQq0J/fUr/fRyYhNlc9oKtH5dZZEr/OLKtdKNVG83PRnCYB2r8B80ZrObzOGQ=="
      },
      "Grpc.AspNetCore.Server": {
        "type": "CentralTransitive",
        "requested": "[2.83.0, )",
        "resolved": "2.83.0",
        "contentHash": "rWeSaXaSPIIerc82lhHKqmzlp/sgLnG+Zw1c3YEEVp/un+hJKPxJOXWuGUOS2cs3EvcZBZ2tliXsnAg5Mdk2Ew==",
        "dependencies": {
          "Grpc.Net.Common": "2.83.0"
        }
      },
      "Grpc.Net.Client": {
        "type": "CentralTransitive",
        "requested": "[2.83.0, )",
        "resolved": "2.83.0",
        "contentHash": "dHYtx7hW4muttsCrWNG4/Ysb1iAIhNPEq28eo7vF166CdXn/RXOr3SGvSreIGIjvmdrADrBNJ2cUeJBto/T0XA==",
        "dependencies": {
          "Grpc.Net.Common": "2.83.0"
        }
      },
      "WeavePort.Abstractions": {
        "type": "CentralTransitive",
        "requested": "[0.7.0, )",
        "resolved": "0.7.0",
        "contentHash": "wDSw9tu91T6BzWS9oCUI1TL4FyVrZPoWtvNQ95LfRt19wIsMMWdGmNu0u+lj5BcGQ/9YECPngoj/rR13XuKCsg=="
      },
      "WeavePort.Sdk.Client": {
        "type": "CentralTransitive",
        "requested": "[0.7.0, )",
        "resolved": "0.7.0",
        "contentHash": "anJvPtlPlMrAHmXJHJXhqxBsFyISZ5pH9DdaHru5/6HQ9OjvFnY6WQ5XtPIfN5ko3HyyHmLZPh613hFMbYUtUg==",
        "dependencies": {
          "WeavePort.Abstractions": "0.7.0"
        }
      }
    }
  }
}