{
  "version": 2,
  "dependencies": {
    "net10.0": {
      "WeavePort.Sdk.Gateway": {
        "type": "Direct",
        "requested": "[0.7.0, )",
        "resolved": "0.7.0",
        "contentHash": "o/WR08pUXVw5nm8EojW6+kPfG/hQa9XHSkGJlfbZUtC3n4EVED13yi5WbdkuvsnxwVykdfvmQwJbL5S8RvbFgQ==",
        "dependencies": {
          "Grpc.AspNetCore.Server": "2.83.0",
          "WeavePort.Sdk.Gateway.Client": "0.7.0"
        }
      },
      "Grpc.Core.Api": {
        "type": "Transitive",
        "resolved": "2.83.0",
        "contentHash": "xU8BT2bCw4Ct+/qIFJhhjkDEilKUbBOfp4US7l3Xa3hnlkN9l2LgISCbOw4PFYpW5jJFcK7FUAyWOFIQ94Hiqg=="
      },
      "Grpc.Net.Common": {
        "type": "Transitive",
        "resolved": "2.83.0",
        "contentHash": "9w52xxORdIGu4Mm8lff3psMIlarenu+7TC4uIfiiW9AyaHZ6iPE/18gIkG1DD9byGDuhjuhnN9hiviBUAmCuZw==",
        "dependencies": {
          "Grpc.Core.Api": "2.83.0"
        }
      },
      "WeavePort.Sdk.Gateway.Client": {
        "type": "Transitive",
        "resolved": "0.7.0",
        "contentHash": "hSfPVsER9MtgU6lM/tzIkCY+9twaNVgAmEN1xdJ6mC242E9+0ijKgNCNLSikzOKul5CY/DYGh/3+/FXrFXE62g==",
        "dependencies": {
          "Google.Protobuf": "3.36.1",
          "Grpc.Net.Client": "2.83.0",
          "WeavePort.Sdk.Client": "0.7.0"
        }
      },
      "Google.Protobuf": {
        "type": "CentralTransitive",
        "requested": "[3.36.1, )",
        "resolved": "3.36.1",
        "contentHash": "77AqPEoaY1ODE+syYBHti0jXiwQq0J/fUr/fRyYhNlc9oKtH5dZZEr/OLKtdKNVG83PRnCYB2r8B80ZrObzOGQ=="
      },
      "Grpc.AspNetCore.Server": {
        "type": "CentralTransitive",
        "requested": "[2.83.0, )",
        "resolved": "2.83.0",
        "contentHash": "rWeSaXaSPIIerc82lhHKqmzlp/sgLnG+Zw1c3YEEVp/un+hJKPxJOXWuGUOS2cs3EvcZBZ2tliXsnAg5Mdk2Ew==",
        "dependencies": {
          "Grpc.Net.Common": "2.83.0"
        }
      },
      "Grpc.Net.Client": {
        "type": "CentralTransitive",
        "requested": "[2.83.0, )",
        "resolved": "2.83.0",
        "contentHash": "dHYtx7hW4muttsCrWNG4/Ysb1iAIhNPEq28eo7vF166CdXn/RXOr3SGvSreIGIjvmdrADrBNJ2cUeJBto/T0XA==",
        "dependencies": {
          "Grpc.Net.Common": "2.83.0"
        }
      },
      "WeavePort.Abstractions": {
        "type": "CentralTransitive",
        "requested": "[0.7.0, )",
        "resolved": "0.7.0",
        "contentHash": "w/lf//hyqt3e7i1gPaeYbVrU3BcWcCBYd5yHhGZ4oHqeSvpfCgxH4bOLCzpiIhSdTazcjmoFyBbrt8pIO3vJhQ=="
      },
      "WeavePort.Sdk.Client": {
        "type": "CentralTransitive",
        "requested": "[0.7.0, )",
        "resolved": "0.7.0",
        "contentHash": "C4qg9gYEfcTQ/rAZll44RE+1NuZDXC8mAaKdngFHQCiIiM2w9pR2J6ptAZamhGjHbt3LjUb6w6gA6HQNUygFpA==",
        "dependencies": {
          "WeavePort.Abstractions": "0.7.0"
        }
      }
    }
  }
}