{
  "version": 1,
  "dependencies": {
    "net10.0": {
      "WeavePort.Hosting": {
        "type": "Direct",
        "requested": "[0.5.0, )",
        "resolved": "0.5.0",
        "contentHash": "59+6vmB1amY9Bmc6LescniZF0EzxfpFme53OjnFJq72qkQMmHmV4lcEQl0A5EsLx63qcBWaRO6ZuDCFS0UkDdQ==",
        "dependencies": {
          "Microsoft.Extensions.Logging.Abstractions": "10.0.12",
          "WeavePort.Abstractions": "0.5.0"
        }
      },
      "WeavePort.Sdk.Gateway": {
        "type": "Direct",
        "requested": "[0.5.0, )",
        "resolved": "0.5.0",
        "contentHash": "Nxsy9RFWt+RLiQsUTuvRS482HY6Uxi8/YR+U0mnDnXcRT+WnzQmdpBMcVokeSsueFJy6NHM2Ksw23noZA3Zq5g==",
        "dependencies": {
          "Grpc.AspNetCore.Server": "2.83.0",
          "WeavePort.Sdk.Gateway.Client": "0.5.0"
        }
      },
      "Google.Protobuf": {
        "type": "Transitive",
        "resolved": "3.36.1",
        "contentHash": "77AqPEoaY1ODE+syYBHti0jXiwQq0J/fUr/fRyYhNlc9oKtH5dZZEr/OLKtdKNVG83PRnCYB2r8B80ZrObzOGQ=="
      },
      "Grpc.AspNetCore.Server": {
        "type": "Transitive",
        "resolved": "2.83.0",
        "contentHash": "rWeSaXaSPIIerc82lhHKqmzlp/sgLnG+Zw1c3YEEVp/un+hJKPxJOXWuGUOS2cs3EvcZBZ2tliXsnAg5Mdk2Ew==",
        "dependencies": {
          "Grpc.Net.Common": "2.83.0"
        }
      },
      "Grpc.Core.Api": {
        "type": "Transitive",
        "resolved": "2.83.0",
        "contentHash": "xU8BT2bCw4Ct+/qIFJhhjkDEilKUbBOfp4US7l3Xa3hnlkN9l2LgISCbOw4PFYpW5jJFcK7FUAyWOFIQ94Hiqg=="
      },
      "Grpc.Net.Client": {
        "type": "Transitive",
        "resolved": "2.83.0",
        "contentHash": "dHYtx7hW4muttsCrWNG4/Ysb1iAIhNPEq28eo7vF166CdXn/RXOr3SGvSreIGIjvmdrADrBNJ2cUeJBto/T0XA==",
        "dependencies": {
          "Grpc.Net.Common": "2.83.0",
          "Microsoft.Extensions.Logging.Abstractions": "8.0.0"
        }
      },
      "Grpc.Net.Common": {
        "type": "Transitive",
        "resolved": "2.83.0",
        "contentHash": "9w52xxORdIGu4Mm8lff3psMIlarenu+7TC4uIfiiW9AyaHZ6iPE/18gIkG1DD9byGDuhjuhnN9hiviBUAmCuZw==",
        "dependencies": {
          "Grpc.Core.Api": "2.83.0"
        }
      },
      "Microsoft.Extensions.DependencyInjection.Abstractions": {
        "type": "Transitive",
        "resolved": "10.0.12",
        "contentHash": "9/qymSh7hVDMGTGwrLz8MRp5zRyXy9adGDOs4HwRdnLil3oZGYuWeZjbmHgCQ9BL1qBroVfgUK3U/nb61617Cw=="
      },
      "Microsoft.Extensions.Logging.Abstractions": {
        "type": "Transitive",
        "resolved": "10.0.12",
        "contentHash": "+24lC4plfbEDNfLAdTV/SWKS7dW+16X4HdydO3R++134kSNTzcbYA4KpR1Hdh6uWisB8Za3AzwyOn+K+NxWIug==",
        "dependencies": {
          "Microsoft.Extensions.DependencyInjection.Abstractions": "10.0.12"
        }
      },
      "WeavePort.Abstractions": {
        "type": "Transitive",
        "resolved": "0.5.0",
        "contentHash": "vZgBrQgqXMa7ZmzhiCXBB9LOVVy+VwFjoYHPX/d5krAD29NyH0l8hB0y2uxBWcW/W7L2TqLblIZK4dqu8uYXqA=="
      },
      "WeavePort.Sdk.Client": {
        "type": "Transitive",
        "resolved": "0.5.0",
        "contentHash": "V7M1WC5IHNshIHbrX33bOUpBixUGkvSRtMJzUGrCBN9qbJn7LgPHdXv8WDY9TGB2jcCeeDB/qk1MsQ59EOPC8A==",
        "dependencies": {
          "WeavePort.Abstractions": "0.5.0"
        }
      },
      "WeavePort.Sdk.Gateway.Client": {
        "type": "Transitive",
        "resolved": "0.5.0",
        "contentHash": "XoVufubrRbFFPUt0nkNcNEnPD/pA+gqkSdrvBFW4JWNxRmi/yuVHi1zXInbDQf+/iEPiTICRJZAnD3qESCPS1w==",
        "dependencies": {
          "Google.Protobuf": "3.36.1",
          "Grpc.Net.Client": "2.83.0",
          "WeavePort.Sdk.Client": "0.5.0"
        }
      }
    }
  }
}