{
  "version": 1,
  "dependencies": {
    "net10.0": {
      "WeavePort.Hosting": {
        "type": "Direct",
        "requested": "[0.5.0, )",
        "resolved": "0.5.0",
        "contentHash": "Kg7J2oDcbWZQHrhLVlE5B+uGK8FDS0lBbg24e4J88BW06h/1s7oVQ32HM1KR2qmpTk+xmDvUK5S41QyZQqK2pg==",
        "dependencies": {
          "Microsoft.Extensions.Logging.Abstractions": "10.0.12",
          "WeavePort.Abstractions": "0.5.0"
        }
      },
      "WeavePort.Sdk.Gateway": {
        "type": "Direct",
        "requested": "[0.5.0, )",
        "resolved": "0.5.0",
        "contentHash": "+QSKAnG9FrfnZoql3OvXUpJ+va5U4UUUDJ3a00ziUgtCL2nOu0EaqAWKY+NHsDLqFaajA8I36k/O0oFvkwOadw==",
        "dependencies": {
          "Grpc.AspNetCore.Server": "2.83.0",
          "WeavePort.Sdk.Gateway.Client": "0.5.0"
        }
      },
      "Google.Protobuf": {
        "type": "Transitive",
        "resolved": "3.36.1",
        "contentHash": "77AqPEoaY1ODE+syYBHti0jXiwQq0J/fUr/fRyYhNlc9oKtH5dZZEr/OLKtdKNVG83PRnCYB2r8B80ZrObzOGQ=="
      },
      "Grpc.AspNetCore.Server": {
        "type": "Transitive",
        "resolved": "2.83.0",
        "contentHash": "rWeSaXaSPIIerc82lhHKqmzlp/sgLnG+Zw1c3YEEVp/un+hJKPxJOXWuGUOS2cs3EvcZBZ2tliXsnAg5Mdk2Ew==",
        "dependencies": {
          "Grpc.Net.Common": "2.83.0"
        }
      },
      "Grpc.Core.Api": {
        "type": "Transitive",
        "resolved": "2.83.0",
        "contentHash": "xU8BT2bCw4Ct+/qIFJhhjkDEilKUbBOfp4US7l3Xa3hnlkN9l2LgISCbOw4PFYpW5jJFcK7FUAyWOFIQ94Hiqg=="
      },
      "Grpc.Net.Client": {
        "type": "Transitive",
        "resolved": "2.83.0",
        "contentHash": "dHYtx7hW4muttsCrWNG4/Ysb1iAIhNPEq28eo7vF166CdXn/RXOr3SGvSreIGIjvmdrADrBNJ2cUeJBto/T0XA==",
        "dependencies": {
          "Grpc.Net.Common": "2.83.0",
          "Microsoft.Extensions.Logging.Abstractions": "8.0.0"
        }
      },
      "Grpc.Net.Common": {
        "type": "Transitive",
        "resolved": "2.83.0",
        "contentHash": "9w52xxORdIGu4Mm8lff3psMIlarenu+7TC4uIfiiW9AyaHZ6iPE/18gIkG1DD9byGDuhjuhnN9hiviBUAmCuZw==",
        "dependencies": {
          "Grpc.Core.Api": "2.83.0"
        }
      },
      "Microsoft.Extensions.DependencyInjection.Abstractions": {
        "type": "Transitive",
        "resolved": "10.0.12",
        "contentHash": "9/qymSh7hVDMGTGwrLz8MRp5zRyXy9adGDOs4HwRdnLil3oZGYuWeZjbmHgCQ9BL1qBroVfgUK3U/nb61617Cw=="
      },
      "Microsoft.Extensions.Logging.Abstractions": {
        "type": "Transitive",
        "resolved": "10.0.12",
        "contentHash": "+24lC4plfbEDNfLAdTV/SWKS7dW+16X4HdydO3R++134kSNTzcbYA4KpR1Hdh6uWisB8Za3AzwyOn+K+NxWIug==",
        "dependencies": {
          "Microsoft.Extensions.DependencyInjection.Abstractions": "10.0.12"
        }
      },
      "WeavePort.Abstractions": {
        "type": "Transitive",
        "resolved": "0.5.0",
        "contentHash": "r+XHDJNkM5CvtMVla/Ofvw/r3LMouIOJg5t5jIT/Svflpld85/+FUujDZCnHCHIZFJ4192rPkljlNVczlkPD7g=="
      },
      "WeavePort.Sdk.Client": {
        "type": "Transitive",
        "resolved": "0.5.0",
        "contentHash": "F/jV5SO31bMMJYjxkAvsEOADFxw51h5jHzsmzxPto/p1Ow4JWwUYdYd1YCdcvDFMk66QKblbQbr6rBvNDfYwnA==",
        "dependencies": {
          "WeavePort.Abstractions": "0.5.0"
        }
      },
      "WeavePort.Sdk.Gateway.Client": {
        "type": "Transitive",
        "resolved": "0.5.0",
        "contentHash": "rZFSCq7JpDOQnX1DAYmD04gqfcwG7YcOtq6IO0TvE9YeBrLgW7h4Fil1NpjttubemspVXG+0HatQ3DpU7O2tMQ==",
        "dependencies": {
          "Google.Protobuf": "3.36.1",
          "Grpc.Net.Client": "2.83.0",
          "WeavePort.Sdk.Client": "0.5.0"
        }
      }
    }
  }
}