{
  "version": 1,
  "dependencies": {
    "net10.0": {
      "WeavePort.Sdk": {
        "type": "Direct",
        "requested": "[0.2.1, )",
        "resolved": "0.2.1",
        "contentHash": "+FuFywR6mH3PdG8W2nN+XjV8/RbAR0fQh53ZOXZ8Ws43N4DVsSC96pO6fw9ImH/EWv7YUfoCuRIhwRMbT+FRxQ=="
      },
      "decisionroom.contracts": {
        "type": "Project"
      }
    }
  }
}