{
  "version": 1,
  "dependencies": {
    "net10.0": {
      "WeavePort.Sdk": {
        "type": "Direct",
        "requested": "[0.6.0, )",
        "resolved": "0.6.0",
        "contentHash": "DrqaBvBCkRyWPOzXCrPE/0pbN7Rp+w7MsSZTkYhPLS8kmXGD8tKoaF7Gqj3VaAe1UjKrQdNGcgqD2N6oILHK3Q=="
      },
      "decisionroom.contracts": {
        "type": "Project"
      }
    }
  }
}