{
  "version": 1,
  "dependencies": {
    "net10.0": {
      "WeavePort.Sdk": {
        "type": "Direct",
        "requested": "[0.4.0, )",
        "resolved": "0.4.0",
        "contentHash": "OugI41z1e/LCfcImbO3T5u00e1jWjKCKVOzvd80L9y5NseklmDs0zrpp0Pxh5TFXjG8vSl+hudOvASZYELkHRw=="
      },
      "decisionroom.contracts": {
        "type": "Project"
      }
    }
  }
}